{
  "version": 4,
  "terraform_version": "0.12.19",
  "serial": 9,
  "lineage": "15e3161e-be34-1206-f8cc-4ba4f79bd98f",
  "outputs": {},
  "resources": [
    {
      "mode": "managed",
      "type": "google_container_cluster",
      "name": "primary",
      "provider": "provider.google",
      "instances": [
        {
          "schema_version": 1,
          "attributes": {
            "additional_zones": [],
            "addons_config": [
              {
                "horizontal_pod_autoscaling": [],
                "http_load_balancing": [],
                "kubernetes_dashboard": [],
                "network_policy_config": [
                  {
                    "disabled": true
                  }
                ]
              }
            ],
            "authenticator_groups_config": [],
            "cluster_autoscaling": [
              {
                "auto_provisioning_defaults": [],
                "enabled": false,
                "resource_limits": []
              }
            ],
            "cluster_ipv4_cidr": "10.44.0.0/14",
            "default_max_pods_per_node": 110,
            "description": "",
            "enable_binary_authorization": false,
            "enable_intranode_visibility": null,
            "enable_kubernetes_alpha": false,
            "enable_legacy_abac": true,
            "enable_tpu": null,
            "endpoint": "34.69.200.74",
            "id": "projects/docker-270618/locations/us-central1-c/clusters/my-gke-cluster",
            "initial_node_count": 2,
            "instance_group_urls": [],
            "ip_allocation_policy": [
              {
                "cluster_ipv4_cidr_block": "10.44.0.0/14",
                "cluster_secondary_range_name": "gke-my-gke-cluster-pods-8f50073e",
                "node_ipv4_cidr_block": "",
                "services_ipv4_cidr_block": "10.111.0.0/20",
                "services_secondary_range_name": "gke-my-gke-cluster-services-8f50073e",
                "subnetwork_name": ""
              }
            ],
            "label_fingerprint": "a9dc16a7",
            "location": "us-central1-c",
            "logging_service": "none",
            "maintenance_policy": [],
            "master_auth": [
              {
                "client_certificate": "",
                "client_certificate_config": [
                  {
                    "issue_client_certificate": false
                  }
                ],
                "client_key": "",
                "cluster_ca_certificate": "LS0tLS1CRUdJTiBDRVJUSUZJQ0FURS0tLS0tCk1JSURDekNDQWZPZ0F3SUJBZ0lRUVZHRFErbjd5eDdONFI0TGc3bkhyekFOQmdrcWhraUc5dzBCQVFzRkFEQXYKTVMwd0t3WURWUVFERXlSa05UUmhNV1U1WkMxalpURXpMVFExTlRZdFlqaG1OeTB5T0RVMFpHWTVabVJrWWpRdwpIaGNOTWpBd05ERTNNRFl4T1RBNFdoY05NalV3TkRFMk1EY3hPVEE0V2pBdk1TMHdLd1lEVlFRREV5UmtOVFJoCk1XVTVaQzFqWlRFekxUUTFOVFl0WWpobU55MHlPRFUwWkdZNVptUmtZalF3Z2dFaU1BMEdDU3FHU0liM0RRRUIKQVFVQUE0SUJEd0F3Z2dFS0FvSUJBUUMva3RvSTIxN3lUdFk4Q3I5QWtNajBiQVFxVFNzcGxQbHUyckliT3AvSwpUTUpQYTErc3lydXZuZ0tGVkMvbGYveFQyYTVqYXRSWFNxU0c1TnFURjFWZ2NGdkcvQjR5cXJWUmdkZkJtQ25SCloxN0pGTnN0Uk92aTdkSDIwbURvSmdZci9vWGMrcnJObmJWSnlvaXpLWnByY2VLNTdpcGtIYmxwTGFvekFhMFQKSi8waUxnRG85NTE3SDR0Um5kamJPelRYOTNlQm5lWGpiU01OUjltWHR5MTlyYThoS2xFQ084ZXJ0NyttcW9uVwpxMURZWG83L0RMamUwQ01IYzluNW1tcnpzUEpYb1Y2WmVKeGtrMUFTTXVsbjJJWDZtUytpcmNaME1hcXhPZjFLCjE2STNjRW5xNUpKd3VoUGF6bUs2MUk5Y2piZzlJUUNKa0R2RkJ4Y0NQMlhUQWdNQkFBR2pJekFoTUE0R0ExVWQKRHdFQi93UUVBd0lDQkRBUEJnTlZIUk1CQWY4RUJUQURBUUgvTUEwR0NTcUdTSWIzRFFFQkN3VUFBNElCQVFBRQpVZzE5Ly9pSHo4WU5iWHJmWE9BMWJsYXBUS1dDdEVFekp2OFduN2RxU1VxWk1ZbHg5dTc5anZVQUZUTmtDeVBoCnZGMkdKMXNmT05zMTZWcHJCYlRWVW9tbFdWdzdsQjFxaTNwWGJYWERGTlRycmpLUkM5Rm9tak9ndWZkamFyRmkKcktLVG9TOFBUN0tDMnpNRlVLMUdJWEdjRjRpZytIVmJ2dFQrNGw4RjN1c3pNQ3ZMZy90VXFXUm85UkhTdkhVTwpkS3lHKzFXWU5jMnlDbzBXU3l4NnUrSmZtdEZtRHJYQVZueEZsM1ArZjE2eGRsSHBETnlRR2NMQ3FnQnd2bzdvCm9OMS9RK3lMM3NQWEtoOEtOTVNyVmtNVmUwSnR0NXphK2V3cUdzWU9IUUVlbFJDWWhuRE04U2MzQXNqUnMyZ2kKSEFHTWc5QnhWR24zTUFyT3IrUysKLS0tLS1FTkQgQ0VSVElGSUNBVEUtLS0tLQo=",
                "password": "",
                "username": ""
              }
            ],
            "master_authorized_networks_config": [],
            "master_version": "1.14.10-gke.27",
            "min_master_version": null,
            "monitoring_service": "none",
            "name": "my-gke-cluster",
            "network": "projects/docker-270618/global/networks/default",
            "network_policy": [
              {
                "enabled": false,
                "provider": "PROVIDER_UNSPECIFIED"
              }
            ],
            "node_config": [],
            "node_locations": [],
            "node_pool": [],
            "node_version": "1.14.10-gke.27",
            "operation": null,
            "pod_security_policy_config": null,
            "private_cluster_config": [],
            "project": "docker-270618",
            "region": null,
            "remove_default_node_pool": true,
            "resource_labels": null,
            "resource_usage_export_config": [],
            "services_ipv4_cidr": "10.111.0.0/20",
            "subnetwork": "projects/docker-270618/regions/us-central1/subnetworks/default",
            "timeouts": null,
            "vertical_pod_autoscaling": [],
            "zone": null
          },
          "private": "eyJlMmJmYjczMC1lY2FhLTExZTYtOGY4OC0zNDM2M2JjN2M0YzAiOnsiY3JlYXRlIjoyNDAwMDAwMDAwMDAwLCJkZWxldGUiOjI0MDAwMDAwMDAwMDAsInVwZGF0ZSI6MzYwMDAwMDAwMDAwMH0sInNjaGVtYV92ZXJzaW9uIjoiMSJ9"
        }
      ]
    },
    {
      "mode": "managed",
      "type": "google_container_node_pool",
      "name": "primary_preemptible_nodes",
      "provider": "provider.google",
      "instances": [
        {
          "schema_version": 1,
          "attributes": {
            "autoscaling": [],
            "cluster": "my-gke-cluster",
            "id": "projects/docker-270618/locations/us-central1-c/clusters/my-gke-cluster/nodePools/my-node-pool",
            "initial_node_count": 1,
            "instance_group_urls": [
              "https://www.googleapis.com/compute/v1/projects/docker-270618/zones/us-central1-c/instanceGroupManagers/gke-my-gke-cluster-my-node-pool-12ff88b7-grp"
            ],
            "location": "us-central1-c",
            "management": [
              {
                "auto_repair": false,
                "auto_upgrade": true
              }
            ],
            "max_pods_per_node": 110,
            "name": "my-node-pool",
            "name_prefix": "",
            "node_config": [
              {
                "disk_size_gb": 50,
                "disk_type": "pd-standard",
                "guest_accelerator": [],
                "image_type": "COS",
                "labels": {},
                "local_ssd_count": 0,
                "machine_type": "n1-standard-4",
                "metadata": {
                  "disable-legacy-endpoints": "true"
                },
                "min_cpu_platform": "",
                "oauth_scopes": [
                  "https://www.googleapis.com/auth/logging.write",
                  "https://www.googleapis.com/auth/monitoring"
                ],
                "preemptible": true,
                "sandbox_config": [],
                "service_account": "default",
                "shielded_instance_config": [
                  {
                    "enable_integrity_monitoring": true,
                    "enable_secure_boot": false
                  }
                ],
                "tags": null,
                "taint": [],
                "workload_metadata_config": []
              }
            ],
            "node_count": 1,
            "project": "docker-270618",
            "region": null,
            "timeouts": null,
            "upgrade_settings": null,
            "version": "1.14.10-gke.27",
            "zone": null
          },
          "private": "eyJlMmJmYjczMC1lY2FhLTExZTYtOGY4OC0zNDM2M2JjN2M0YzAiOnsiY3JlYXRlIjoxODAwMDAwMDAwMDAwLCJkZWxldGUiOjE4MDAwMDAwMDAwMDAsInVwZGF0ZSI6MTgwMDAwMDAwMDAwMH0sInNjaGVtYV92ZXJzaW9uIjoiMSJ9",
          "dependencies": [
            "google_container_cluster.primary"
          ]
        }
      ]
    }
  ]
}
