{
  "version": 4,
  "terraform_version": "0.12.19",
  "serial": 3,
  "lineage": "042dbdfd-1020-0c95-15d7-613a2081e4e7",
  "outputs": {},
  "resources": [
    {
      "mode": "managed",
      "type": "google_container_cluster",
      "name": "primary",
      "provider": "provider.google",
      "instances": [
        {
          "schema_version": 1,
          "attributes": {
            "additional_zones": [],
            "addons_config": [
              {
                "horizontal_pod_autoscaling": [],
                "http_load_balancing": [],
                "kubernetes_dashboard": [],
                "network_policy_config": [
                  {
                    "disabled": true
                  }
                ]
              }
            ],
            "authenticator_groups_config": [],
            "cluster_autoscaling": [
              {
                "auto_provisioning_defaults": [],
                "enabled": false,
                "resource_limits": []
              }
            ],
            "cluster_ipv4_cidr": "10.44.0.0/14",
            "default_max_pods_per_node": 110,
            "description": "",
            "enable_binary_authorization": false,
            "enable_intranode_visibility": null,
            "enable_kubernetes_alpha": false,
            "enable_legacy_abac": true,
            "enable_tpu": null,
            "endpoint": "34.71.17.31",
            "id": "projects/docker-270618/locations/us-central1-c/clusters/my-gke-cluster",
            "initial_node_count": 1,
            "instance_group_urls": [],
            "ip_allocation_policy": [
              {
                "cluster_ipv4_cidr_block": "10.44.0.0/14",
                "cluster_secondary_range_name": "gke-my-gke-cluster-pods-0f6b70a8",
                "node_ipv4_cidr_block": "",
                "services_ipv4_cidr_block": "10.111.0.0/20",
                "services_secondary_range_name": "gke-my-gke-cluster-services-0f6b70a8",
                "subnetwork_name": ""
              }
            ],
            "label_fingerprint": "a9dc16a7",
            "location": "us-central1-c",
            "logging_service": "none",
            "maintenance_policy": [],
            "master_auth": [
              {
                "client_certificate": "",
                "client_certificate_config": [
                  {
                    "issue_client_certificate": false
                  }
                ],
                "client_key": "",
                "cluster_ca_certificate": "LS0tLS1CRUdJTiBDRVJUSUZJQ0FURS0tLS0tCk1JSURERENDQWZTZ0F3SUJBZ0lSQVBkZ3dsbWs1cXJzd3M3QWtIUUxrQ3d3RFFZSktvWklodmNOQVFFTEJRQXcKTHpFdE1Dc0dBMVVFQXhNa016ZGpOakl3WldFdFlqTXdPQzAwWTJFd0xXRTJOMkl0T0RkaU56TXpNMlV3WldNMwpNQjRYRFRJd01EUXlNREl3TVRrME9Wb1hEVEkxTURReE9USXhNVGswT1Zvd0x6RXRNQ3NHQTFVRUF4TWtNemRqCk5qSXdaV0V0WWpNd09DMDBZMkV3TFdFMk4ySXRPRGRpTnpNek0yVXdaV00zTUlJQklqQU5CZ2txaGtpRzl3MEIKQVFFRkFBT0NBUThBTUlJQkNnS0NBUUVBczIrMGd4bkYzWnVYUFg4alFKVGVaUC9WZ3pDV3hQYVl2TmVUK2d1OQo1UHRDQzJGZHhMRER6cGVEWTBYSjRLTkszMTBvWWFaMG8wT0NScnFCc2xYNk1NRmF0V0JtTEpPUTBiVXhhUzF3CjBIWDhNUlRBNEUxdDF3cmtwVFh3WnNHQXg2bndSaXNIMnFEUGpYQnNvSjU0UlZiblJOUTRHQjJxWVdMeWZIYnIKQnhrWDAwdWdVMWpJa0Q1ZFNyR3o3K3pmcFFUaHZJVStHTFZ2cmxqUVl4WXROd0NzbzkwV2RDTmMxSWFxWi9ucQoyRlI4a0xWY0J3amJtQWFiNTlpcnl2NU1HTFdkQWFZMWg3amNoRzhWcURBKy8zUy83dERuVzNFcU9qdG1oc1Y4CnZ0QjQ2TXlNZG4wVVJnQkFvT2lmOHR0Z0Iyc1RFTURBMXdEbVF6c3RoQVZzaVFJREFRQUJveU13SVRBT0JnTlYKSFE4QkFmOEVCQU1DQWdRd0R3WURWUjBUQVFIL0JBVXdBd0VCL3pBTkJna3Foa2lHOXcwQkFRc0ZBQU9DQVFFQQprYzNPTDRkSzhGdk03RmtVSmFCR3JsR0VITFYyZ25KcW45U0JjTlE3UXEyekUwQUhkOVMyYTZ6NlAyU2VXakc3CkpkKzJ0RGR6Y09KbktaQkdIMEthT093S1YvTE5ITVlkMTFkc2lGK01wYlpiUEVLTU9NamFUdDdZTmN6Nm5iOGYKVXZuYmwzVXlqS25DbkFOQVhreUhyeFJONFU4RGtONFBYL2NTTC9tcU1oZWZTVnhvaWpKSjViKzFISVBUaGhMWgpoVUFaNVBVd1IrSmtRKzBjMlBBdGpNa1lEdXJaS0wvUDc0ajVNMmVZa1JaazAzYVJucVF4V09ZKzBiUEM3Wm5zCjFNbzcwM3IveUQrOXhCdFh4YUwrWk8ycDFIZksxTDJYN2dBUGVyRDZXZFVXenRwK085ZWNKY2ZsV2x2bzM5TVcKOG0xVDg1LzVDdW5QNHhNYUMxa1kxdz09Ci0tLS0tRU5EIENFUlRJRklDQVRFLS0tLS0K",
                "password": "",
                "username": ""
              }
            ],
            "master_authorized_networks_config": [],
            "master_version": "1.14.10-gke.27",
            "min_master_version": null,
            "monitoring_service": "none",
            "name": "my-gke-cluster",
            "network": "projects/docker-270618/global/networks/default",
            "network_policy": [
              {
                "enabled": false,
                "provider": "PROVIDER_UNSPECIFIED"
              }
            ],
            "node_config": [],
            "node_locations": [],
            "node_pool": [],
            "node_version": "1.14.10-gke.27",
            "operation": null,
            "pod_security_policy_config": null,
            "private_cluster_config": [],
            "project": "docker-270618",
            "region": null,
            "remove_default_node_pool": true,
            "resource_labels": null,
            "resource_usage_export_config": [],
            "services_ipv4_cidr": "10.111.0.0/20",
            "subnetwork": "projects/docker-270618/regions/us-central1/subnetworks/default",
            "timeouts": null,
            "vertical_pod_autoscaling": [],
            "zone": null
          },
          "private": "eyJlMmJmYjczMC1lY2FhLTExZTYtOGY4OC0zNDM2M2JjN2M0YzAiOnsiY3JlYXRlIjoyNDAwMDAwMDAwMDAwLCJkZWxldGUiOjI0MDAwMDAwMDAwMDAsInVwZGF0ZSI6MzYwMDAwMDAwMDAwMH0sInNjaGVtYV92ZXJzaW9uIjoiMSJ9"
        }
      ]
    },
    {
      "mode": "managed",
      "type": "google_container_node_pool",
      "name": "primary_nodes",
      "provider": "provider.google",
      "instances": [
        {
          "schema_version": 1,
          "attributes": {
            "autoscaling": [],
            "cluster": "my-gke-cluster",
            "id": "projects/docker-270618/locations/us-central1-c/clusters/my-gke-cluster/nodePools/my-node-pool",
            "initial_node_count": 3,
            "instance_group_urls": [
              "https://www.googleapis.com/compute/v1/projects/docker-270618/zones/us-central1-c/instanceGroupManagers/gke-my-gke-cluster-my-node-pool-96a79dbb-grp"
            ],
            "location": "us-central1-c",
            "management": [
              {
                "auto_repair": false,
                "auto_upgrade": true
              }
            ],
            "max_pods_per_node": 110,
            "name": "my-node-pool",
            "name_prefix": "",
            "node_config": [
              {
                "disk_size_gb": 50,
                "disk_type": "pd-standard",
                "guest_accelerator": [],
                "image_type": "COS",
                "labels": {},
                "local_ssd_count": 0,
                "machine_type": "n1-standard-2",
                "metadata": {
                  "disable-legacy-endpoints": "true"
                },
                "min_cpu_platform": "",
                "oauth_scopes": [
                  "https://www.googleapis.com/auth/logging.write",
                  "https://www.googleapis.com/auth/monitoring"
                ],
                "preemptible": false,
                "sandbox_config": [],
                "service_account": "default",
                "shielded_instance_config": [
                  {
                    "enable_integrity_monitoring": true,
                    "enable_secure_boot": false
                  }
                ],
                "tags": null,
                "taint": [],
                "workload_metadata_config": []
              }
            ],
            "node_count": 3,
            "project": "docker-270618",
            "region": null,
            "timeouts": null,
            "upgrade_settings": null,
            "version": "1.14.10-gke.27",
            "zone": null
          },
          "private": "eyJlMmJmYjczMC1lY2FhLTExZTYtOGY4OC0zNDM2M2JjN2M0YzAiOnsiY3JlYXRlIjoxODAwMDAwMDAwMDAwLCJkZWxldGUiOjE4MDAwMDAwMDAwMDAsInVwZGF0ZSI6MTgwMDAwMDAwMDAwMH0sInNjaGVtYV92ZXJzaW9uIjoiMSJ9",
          "dependencies": [
            "google_container_cluster.primary"
          ]
        }
      ]
    }
  ]
}
